
Microsoft Visual Studio Solution File, Format Version 12.00
# Visual Studio Version 17
VisualStudioVersion = 17.4.33110.190
MinimumVisualStudioVersion = 10.0.40219.1
Project("{9A19103F-16F7-4668-BE54-9A1E7A4F7556}") = "Challenge1", "Challenge1\Challenge1.csproj", "{8514AE67-A514-4D55-808C-C058EC88DFC6}"
EndProject
Project("{9A19103F-16F7-4668-BE54-9A1E7A4F7556}") = "Challenge2", "Challenge2\Challenge2.csproj", "{74A08B04-262F-4371-A085-79B671178EB0}"
EndProject
Project("{2150E333-8FDC-42A3-9474-1A3956D46DE8}") = "Solution Items", "Solution Items", "{68E03AA7-77AD-498F-96AD-95E3CC34D0DA}"
	ProjectSection(SolutionItems) = preProject
		.gitignore = .gitignore
		README.md = README.md
	EndProjectSection
EndProject
Project("{9A19103F-16F7-4668-BE54-9A1E7A4F7556}") = "Challenge3", "Challenge3\Challenge3.csproj", "{FB20EB48-629B-4109-940B-30307D566C5E}"
EndProject
Project("{9A19103F-16F7-4668-BE54-9A1E7A4F7556}") = "Challenge4", "Challenge4\Challenge4.csproj", "{BCFE95CE-2ACE-4597-8C9E-B851C9FB5E21}"
EndProject
Project("{9A19103F-16F7-4668-BE54-9A1E7A4F7556}") = "Challenge5", "Challenge5\Challenge5.csproj", "{885D9324-D6DC-472F-AAFE-7F080DC1DEE7}"
EndProject
Project("{9A19103F-16F7-4668-BE54-9A1E7A4F7556}") = "Challenge6", "Challenge6\Challenge6.csproj", "{0149FA85-6AA7-4ECC-AB5E-CBD2264AEE5C}"
EndProject
Project("{FAE04EC0-301F-11D3-BF4B-00C04F79EFBC}") = "Challenge7", "Challenge7\Challenge7.csproj", "{73147C8F-BFBA-4374-B9C0-34023A767513}"
EndProject
Project("{FAE04EC0-301F-11D3-BF4B-00C04F79EFBC}") = "Challenge8", "Challenge8\Challenge8.csproj", "{0E26F7F2-935F-4536-831B-51D140EA0E4F}"
EndProject
Global
	GlobalSection(SolutionConfigurationPlatforms) = preSolution
		Debug|Any CPU = Debug|Any CPU
		Release|Any CPU = Release|Any CPU
	EndGlobalSection
	GlobalSection(ProjectConfigurationPlatforms) = postSolution
		{8514AE67-A514-4D55-808C-C058EC88DFC6}.Debug|Any CPU.ActiveCfg = Debug|Any CPU
		{8514AE67-A514-4D55-808C-C058EC88DFC6}.Debug|Any CPU.Build.0 = Debug|Any CPU
		{8514AE67-A514-4D55-808C-C058EC88DFC6}.Release|Any CPU.ActiveCfg = Release|Any CPU
		{8514AE67-A514-4D55-808C-C058EC88DFC6}.Release|Any CPU.Build.0 = Release|Any CPU
		{74A08B04-262F-4371-A085-79B671178EB0}.Debug|Any CPU.ActiveCfg = Debug|Any CPU
		{74A08B04-262F-4371-A085-79B671178EB0}.Debug|Any CPU.Build.0 = Debug|Any CPU
		{74A08B04-262F-4371-A085-79B671178EB0}.Release|Any CPU.ActiveCfg = Release|Any CPU
		{74A08B04-262F-4371-A085-79B671178EB0}.Release|Any CPU.Build.0 = Release|Any CPU
		{FB20EB48-629B-4109-940B-30307D566C5E}.Debug|Any CPU.ActiveCfg = Debug|Any CPU
		{FB20EB48-629B-4109-940B-30307D566C5E}.Debug|Any CPU.Build.0 = Debug|Any CPU
		{FB20EB48-629B-4109-940B-30307D566C5E}.Release|Any CPU.ActiveCfg = Release|Any CPU
		{FB20EB48-629B-4109-940B-30307D566C5E}.Release|Any CPU.Build.0 = Release|Any CPU
		{BCFE95CE-2ACE-4597-8C9E-B851C9FB5E21}.Debug|Any CPU.ActiveCfg = Debug|Any CPU
		{BCFE95CE-2ACE-4597-8C9E-B851C9FB5E21}.Debug|Any CPU.Build.0 = Debug|Any CPU
		{BCFE95CE-2ACE-4597-8C9E-B851C9FB5E21}.Release|Any CPU.ActiveCfg = Release|Any CPU
		{BCFE95CE-2ACE-4597-8C9E-B851C9FB5E21}.Release|Any CPU.Build.0 = Release|Any CPU
		{885D9324-D6DC-472F-AAFE-7F080DC1DEE7}.Debug|Any CPU.ActiveCfg = Debug|Any CPU
		{885D9324-D6DC-472F-AAFE-7F080DC1DEE7}.Debug|Any CPU.Build.0 = Debug|Any CPU
		{885D9324-D6DC-472F-AAFE-7F080DC1DEE7}.Release|Any CPU.ActiveCfg = Release|Any CPU
		{885D9324-D6DC-472F-AAFE-7F080DC1DEE7}.Release|Any CPU.Build.0 = Release|Any CPU
		{0149FA85-6AA7-4ECC-AB5E-CBD2264AEE5C}.Debug|Any CPU.ActiveCfg = Debug|Any CPU
		{0149FA85-6AA7-4ECC-AB5E-CBD2264AEE5C}.Debug|Any CPU.Build.0 = Debug|Any CPU
		{0149FA85-6AA7-4ECC-AB5E-CBD2264AEE5C}.Release|Any CPU.ActiveCfg = Release|Any CPU
		{0149FA85-6AA7-4ECC-AB5E-CBD2264AEE5C}.Release|Any CPU.Build.0 = Release|Any CPU
		{73147C8F-BFBA-4374-B9C0-34023A767513}.Debug|Any CPU.ActiveCfg = Debug|Any CPU
		{73147C8F-BFBA-4374-B9C0-34023A767513}.Debug|Any CPU.Build.0 = Debug|Any CPU
		{73147C8F-BFBA-4374-B9C0-34023A767513}.Release|Any CPU.ActiveCfg = Release|Any CPU
		{73147C8F-BFBA-4374-B9C0-34023A767513}.Release|Any CPU.Build.0 = Release|Any CPU
		{0E26F7F2-935F-4536-831B-51D140EA0E4F}.Debug|Any CPU.ActiveCfg = Debug|Any CPU
		{0E26F7F2-935F-4536-831B-51D140EA0E4F}.Debug|Any CPU.Build.0 = Debug|Any CPU
		{0E26F7F2-935F-4536-831B-51D140EA0E4F}.Release|Any CPU.ActiveCfg = Release|Any CPU
		{0E26F7F2-935F-4536-831B-51D140EA0E4F}.Release|Any CPU.Build.0 = Release|Any CPU
	EndGlobalSection
	GlobalSection(SolutionProperties) = preSolution
		HideSolutionNode = FALSE
	EndGlobalSection
	GlobalSection(ExtensibilityGlobals) = postSolution
		SolutionGuid = {3A1622CA-3836-4047-A60F-E688DF49A5DF}
	EndGlobalSection
EndGlobal
