
Microsoft Visual Studio Solution File, Format Version 12.00
# Visual Studio Version 17
VisualStudioVersion = 17.4.33110.190
MinimumVisualStudioVersion = 10.0.40219.1
Project("{FAE04EC0-301F-11D3-BF4B-00C04F79EFBC}") = "Challenge1", "Challenge1\Challenge1.csproj", "{8514AE67-A514-4D55-808C-C058EC88DFC6}"
EndProject
Project("{FAE04EC0-301F-11D3-BF4B-00C04F79EFBC}") = "Challenge2", "Challenge2\Challenge2.csproj", "{74A08B04-262F-4371-A085-79B671178EB0}"
EndProject
Project("{2150E333-8FDC-42A3-9474-1A3956D46DE8}") = "Solution Items", "Solution Items", "{68E03AA7-77AD-498F-96AD-95E3CC34D0DA}"
	ProjectSection(SolutionItems) = preProject
		README.md = README.md
	EndProjectSection
EndProject
Global
	GlobalSection(SolutionConfigurationPlatforms) = preSolution
		Debug|Any CPU = Debug|Any CPU
		Release|Any CPU = Release|Any CPU
	EndGlobalSection
	GlobalSection(ProjectConfigurationPlatforms) = postSolution
		{8514AE67-A514-4D55-808C-C058EC88DFC6}.Debug|Any CPU.ActiveCfg = Debug|Any CPU
		{8514AE67-A514-4D55-808C-C058EC88DFC6}.Debug|Any CPU.Build.0 = Debug|Any CPU
		{8514AE67-A514-4D55-808C-C058EC88DFC6}.Release|Any CPU.ActiveCfg = Release|Any CPU
		{8514AE67-A514-4D55-808C-C058EC88DFC6}.Release|Any CPU.Build.0 = Release|Any CPU
		{74A08B04-262F-4371-A085-79B671178EB0}.Debug|Any CPU.ActiveCfg = Debug|Any CPU
		{74A08B04-262F-4371-A085-79B671178EB0}.Debug|Any CPU.Build.0 = Debug|Any CPU
		{74A08B04-262F-4371-A085-79B671178EB0}.Release|Any CPU.ActiveCfg = Release|Any CPU
		{74A08B04-262F-4371-A085-79B671178EB0}.Release|Any CPU.Build.0 = Release|Any CPU
	EndGlobalSection
	GlobalSection(SolutionProperties) = preSolution
		HideSolutionNode = FALSE
	EndGlobalSection
	GlobalSection(ExtensibilityGlobals) = postSolution
		SolutionGuid = {3A1622CA-3836-4047-A60F-E688DF49A5DF}
	EndGlobalSection
EndGlobal
